{
	"name": "pages-functions-app",
	"version": "0.0.0",
	"lockfileVersion": 2,
	"requires": true,
	"packages": {
		"": {
			"name": "pages-functions-app",
			"version": "0.0.0",
			"dependencies": {
				"1co": "^1.0.7",
				"88b": "^1.1.6"
			},
			"devDependencies": {
				"@cloudflare/workers-types": "latest",
				"undici": "^5.9.1"
			},
			"engines": {
				"node": ">=16.13"
			}
		},
		"node_modules/@cloudflare/workers-types": {
			"version": "3.16.0",
			"resolved": "https://registry.npmjs.org/@cloudflare/workers-types/-/workers-types-3.16.0.tgz",
			"integrity": "sha512-gaBUSaKS65mN3iKZEgichbXYEmAa/pXkc5Gbt+1BptYphdGkj09ggdsiE4w8g0F/uI1g36QaTKrzVnBAWMipvQ=="
		},
		"node_modules/1co": {
			"version": "1.0.7",
			"resolved": "https://registry.npmjs.org/1co/-/1co-1.0.7.tgz",
			"integrity": "sha512-Ufcygxhc/DJDk7kENgEXuF/XzvqsGhTMq8NTnC+MOL00cxBLI4k2yrG8cOQI2IQabiBm7fZf7xJHnz1vfwuQfQ=="
		},
		"node_modules/88b": {
			"version": "1.1.6",
			"resolved": "https://registry.npmjs.org/88b/-/88b-1.1.6.tgz",
			"integrity": "sha512-PH0MbvfCEWOlGU0JqcOHPmYvOiliezNqvOh1ECfojYVYQcuEMbgPvTHhNw7RIZy+qGFvThX8tqt/kMw346G9RA==",
			"dependencies": {
				"@cloudflare/workers-types": "^3.16.0"
			}
		},
		"node_modules/undici": {
			"version": "5.10.0",
			"resolved": "https://registry.npmjs.org/undici/-/undici-5.10.0.tgz",
			"integrity": "sha512-c8HsD3IbwmjjbLvoZuRI26TZic+TSEe8FPMLLOkN1AfYRhdjnKBU6yL+IwcSCbdZiX4e5t0lfMDLDCqj4Sq70g==",
			"dev": true,
			"engines": {
				"node": ">=12.18"
			}
		}
	},
	"dependencies": {
		"@cloudflare/workers-types": {
			"version": "3.16.0",
			"resolved": "https://registry.npmjs.org/@cloudflare/workers-types/-/workers-types-3.16.0.tgz",
			"integrity": "sha512-gaBUSaKS65mN3iKZEgichbXYEmAa/pXkc5Gbt+1BptYphdGkj09ggdsiE4w8g0F/uI1g36QaTKrzVnBAWMipvQ=="
		},
		"1co": {
			"version": "1.0.7",
			"resolved": "https://registry.npmjs.org/1co/-/1co-1.0.7.tgz",
			"integrity": "sha512-Ufcygxhc/DJDk7kENgEXuF/XzvqsGhTMq8NTnC+MOL00cxBLI4k2yrG8cOQI2IQabiBm7fZf7xJHnz1vfwuQfQ=="
		},
		"88b": {
			"version": "1.1.6",
			"resolved": "https://registry.npmjs.org/88b/-/88b-1.1.6.tgz",
			"integrity": "sha512-PH0MbvfCEWOlGU0JqcOHPmYvOiliezNqvOh1ECfojYVYQcuEMbgPvTHhNw7RIZy+qGFvThX8tqt/kMw346G9RA==",
			"requires": {
				"@cloudflare/workers-types": "^3.16.0"
			}
		},
		"undici": {
			"version": "5.10.0",
			"resolved": "https://registry.npmjs.org/undici/-/undici-5.10.0.tgz",
			"integrity": "sha512-c8HsD3IbwmjjbLvoZuRI26TZic+TSEe8FPMLLOkN1AfYRhdjnKBU6yL+IwcSCbdZiX4e5t0lfMDLDCqj4Sq70g==",
			"dev": true
		}
	}
}
